
Microsoft Visual Studio Solution File, Format Version 12.00
# Visual Studio Version 16
VisualStudioVersion = 16.0.30413.136
MinimumVisualStudioVersion = 10.0.40219.1
Project("{9A19103F-16F7-4668-BE54-9A1E7A4F7556}") = "MontaPalavras", "MontaPalavras\MontaPalavras.csproj", "{47B83CD5-0511-4C94-9FC8-02B8364348FC}"
EndProject
Project("{9A19103F-16F7-4668-BE54-9A1E7A4F7556}") = "MontaPalavras.Servicos", "MontaPalavras.Servicos\MontaPalavras.Servicos.csproj", "{57456B45-9647-429C-A40B-1766F18A6F2B}"
EndProject
Project("{9A19103F-16F7-4668-BE54-9A1E7A4F7556}") = "MontaPalavras.Dados", "MontaPalavras.Dados\MontaPalavras.Dados.csproj", "{F1B3343E-53F7-4825-95D3-62FB07C36293}"
EndProject
Project("{9A19103F-16F7-4668-BE54-9A1E7A4F7556}") = "MontaPalavras.Comum", "MontaPalavras.Comum\MontaPalavras.Comum.csproj", "{AEBBE47B-1DE4-4CEC-80EC-F4A1A8ED1088}"
EndProject
Project("{FAE04EC0-301F-11D3-BF4B-00C04F79EFBC}") = "Testes", "Testes\Testes.csproj", "{C872409F-0CAB-4330-8C3B-DDBE7834FDDF}"
EndProject
Global
	GlobalSection(SolutionConfigurationPlatforms) = preSolution
		Debug|Any CPU = Debug|Any CPU
		Release|Any CPU = Release|Any CPU
	EndGlobalSection
	GlobalSection(ProjectConfigurationPlatforms) = postSolution
		{47B83CD5-0511-4C94-9FC8-02B8364348FC}.Debug|Any CPU.ActiveCfg = Debug|Any CPU
		{47B83CD5-0511-4C94-9FC8-02B8364348FC}.Debug|Any CPU.Build.0 = Debug|Any CPU
		{47B83CD5-0511-4C94-9FC8-02B8364348FC}.Release|Any CPU.ActiveCfg = Release|Any CPU
		{47B83CD5-0511-4C94-9FC8-02B8364348FC}.Release|Any CPU.Build.0 = Release|Any CPU
		{57456B45-9647-429C-A40B-1766F18A6F2B}.Debug|Any CPU.ActiveCfg = Debug|Any CPU
		{57456B45-9647-429C-A40B-1766F18A6F2B}.Debug|Any CPU.Build.0 = Debug|Any CPU
		{57456B45-9647-429C-A40B-1766F18A6F2B}.Release|Any CPU.ActiveCfg = Release|Any CPU
		{57456B45-9647-429C-A40B-1766F18A6F2B}.Release|Any CPU.Build.0 = Release|Any CPU
		{F1B3343E-53F7-4825-95D3-62FB07C36293}.Debug|Any CPU.ActiveCfg = Debug|Any CPU
		{F1B3343E-53F7-4825-95D3-62FB07C36293}.Debug|Any CPU.Build.0 = Debug|Any CPU
		{F1B3343E-53F7-4825-95D3-62FB07C36293}.Release|Any CPU.ActiveCfg = Release|Any CPU
		{F1B3343E-53F7-4825-95D3-62FB07C36293}.Release|Any CPU.Build.0 = Release|Any CPU
		{AEBBE47B-1DE4-4CEC-80EC-F4A1A8ED1088}.Debug|Any CPU.ActiveCfg = Debug|Any CPU
		{AEBBE47B-1DE4-4CEC-80EC-F4A1A8ED1088}.Debug|Any CPU.Build.0 = Debug|Any CPU
		{AEBBE47B-1DE4-4CEC-80EC-F4A1A8ED1088}.Release|Any CPU.ActiveCfg = Release|Any CPU
		{AEBBE47B-1DE4-4CEC-80EC-F4A1A8ED1088}.Release|Any CPU.Build.0 = Release|Any CPU
		{C872409F-0CAB-4330-8C3B-DDBE7834FDDF}.Debug|Any CPU.ActiveCfg = Debug|Any CPU
		{C872409F-0CAB-4330-8C3B-DDBE7834FDDF}.Debug|Any CPU.Build.0 = Debug|Any CPU
		{C872409F-0CAB-4330-8C3B-DDBE7834FDDF}.Release|Any CPU.ActiveCfg = Release|Any CPU
		{C872409F-0CAB-4330-8C3B-DDBE7834FDDF}.Release|Any CPU.Build.0 = Release|Any CPU
	EndGlobalSection
	GlobalSection(SolutionProperties) = preSolution
		HideSolutionNode = FALSE
	EndGlobalSection
	GlobalSection(ExtensibilityGlobals) = postSolution
		SolutionGuid = {6489D1BE-0BE1-4607-B489-DF2523C15046}
	EndGlobalSection
EndGlobal
